
Microsoft Visual Studio Solution File, Format Version 12.00
# Visual Studio Version 17
VisualStudioVersion = 17.11.35312.102
MinimumVisualStudioVersion = 10.0.40219.1
Project("{FAE04EC0-301F-11D3-BF4B-00C04F79EFBC}") = "EJE05ObjetoMundoReal", "EJE05ObjetoMundoReal\EJE05ObjetoMundoReal.csproj", "{32BE0B99-4ECD-4505-864D-76F2154B6059}"
EndProject
Global
	GlobalSection(SolutionConfigurationPlatforms) = preSolution
		Debug|Any CPU = Debug|Any CPU
		Release|Any CPU = Release|Any CPU
	EndGlobalSection
	GlobalSection(ProjectConfigurationPlatforms) = postSolution
		{32BE0B99-4ECD-4505-864D-76F2154B6059}.Debug|Any CPU.ActiveCfg = Debug|Any CPU
		{32BE0B99-4ECD-4505-864D-76F2154B6059}.Debug|Any CPU.Build.0 = Debug|Any CPU
		{32BE0B99-4ECD-4505-864D-76F2154B6059}.Release|Any CPU.ActiveCfg = Release|Any CPU
		{32BE0B99-4ECD-4505-864D-76F2154B6059}.Release|Any CPU.Build.0 = Release|Any CPU
	EndGlobalSection
	GlobalSection(SolutionProperties) = preSolution
		HideSolutionNode = FALSE
	EndGlobalSection
	GlobalSection(ExtensibilityGlobals) = postSolution
		SolutionGuid = {5B7D766E-5852-4FE6-B214-2159649AF86B}
	EndGlobalSection
EndGlobal
